
Microsoft Visual Studio Solution File, Format Version 12.00
# Visual Studio Version 17
VisualStudioVersion = 17.14.36301.6 d17.14
MinimumVisualStudioVersion = 10.0.40219.1
Project("{FAE04EC0-301F-11D3-BF4B-00C04F79EFBC}") = "E-Learning-Platform", "E-Learning-Platform\E-Learning-Platform.csproj", "{DD35AD42-2EC2-4DC2-A15D-43DA978B5495}"
EndProject
Global
	GlobalSection(SolutionConfigurationPlatforms) = preSolution
		Debug|Any CPU = Debug|Any CPU
		Release|Any CPU = Release|Any CPU
	EndGlobalSection
	GlobalSection(ProjectConfigurationPlatforms) = postSolution
		{DD35AD42-2EC2-4DC2-A15D-43DA978B5495}.Debug|Any CPU.ActiveCfg = Debug|Any CPU
		{DD35AD42-2EC2-4DC2-A15D-43DA978B5495}.Debug|Any CPU.Build.0 = Debug|Any CPU
		{DD35AD42-2EC2-4DC2-A15D-43DA978B5495}.Release|Any CPU.ActiveCfg = Release|Any CPU
		{DD35AD42-2EC2-4DC2-A15D-43DA978B5495}.Release|Any CPU.Build.0 = Release|Any CPU
	EndGlobalSection
	GlobalSection(SolutionProperties) = preSolution
		HideSolutionNode = FALSE
	EndGlobalSection
	GlobalSection(ExtensibilityGlobals) = postSolution
		SolutionGuid = {E213A443-75E0-44EF-9209-176A37AC7FB7}
	EndGlobalSection
EndGlobal
